
Microsoft Visual Studio Solution File, Format Version 12.00
# Visual Studio Version 17
VisualStudioVersion = 17.2.32526.322
MinimumVisualStudioVersion = 10.0.40219.1
Project("{FAE04EC0-301F-11D3-BF4B-00C04F79EFBC}") = "Swap Quiz", "ConsoleApp12\Swap Quiz.csproj", "{19A6F8B2-3D56-4AD4-877F-56B9E88AD8EE}"
EndProject
Global
	GlobalSection(SolutionConfigurationPlatforms) = preSolution
		Debug|Any CPU = Debug|Any CPU
		Release|Any CPU = Release|Any CPU
	EndGlobalSection
	GlobalSection(ProjectConfigurationPlatforms) = postSolution
		{19A6F8B2-3D56-4AD4-877F-56B9E88AD8EE}.Debug|Any CPU.ActiveCfg = Debug|Any CPU
		{19A6F8B2-3D56-4AD4-877F-56B9E88AD8EE}.Debug|Any CPU.Build.0 = Debug|Any CPU
		{19A6F8B2-3D56-4AD4-877F-56B9E88AD8EE}.Release|Any CPU.ActiveCfg = Release|Any CPU
		{19A6F8B2-3D56-4AD4-877F-56B9E88AD8EE}.Release|Any CPU.Build.0 = Release|Any CPU
	EndGlobalSection
	GlobalSection(SolutionProperties) = preSolution
		HideSolutionNode = FALSE
	EndGlobalSection
	GlobalSection(ExtensibilityGlobals) = postSolution
		SolutionGuid = {441F393F-1718-4845-BDBE-586F65A06C07}
	EndGlobalSection
EndGlobal
