
Microsoft Visual Studio Solution File, Format Version 12.00
# Visual Studio Version 17
VisualStudioVersion = 17.2.32526.322
MinimumVisualStudioVersion = 10.0.40219.1
Project("{FAE04EC0-301F-11D3-BF4B-00C04F79EFBC}") = "Reverse Method", "ConsoleApp14\Reverse Method.csproj", "{929FD22E-E910-45E2-8C9E-376BDB2C409F}"
EndProject
Global
	GlobalSection(SolutionConfigurationPlatforms) = preSolution
		Debug|Any CPU = Debug|Any CPU
		Release|Any CPU = Release|Any CPU
	EndGlobalSection
	GlobalSection(ProjectConfigurationPlatforms) = postSolution
		{929FD22E-E910-45E2-8C9E-376BDB2C409F}.Debug|Any CPU.ActiveCfg = Debug|Any CPU
		{929FD22E-E910-45E2-8C9E-376BDB2C409F}.Debug|Any CPU.Build.0 = Debug|Any CPU
		{929FD22E-E910-45E2-8C9E-376BDB2C409F}.Release|Any CPU.ActiveCfg = Release|Any CPU
		{929FD22E-E910-45E2-8C9E-376BDB2C409F}.Release|Any CPU.Build.0 = Release|Any CPU
	EndGlobalSection
	GlobalSection(SolutionProperties) = preSolution
		HideSolutionNode = FALSE
	EndGlobalSection
	GlobalSection(ExtensibilityGlobals) = postSolution
		SolutionGuid = {6339CBF4-37FB-4853-9452-203D0365D1B8}
	EndGlobalSection
EndGlobal
